
Microsoft Visual Studio Solution File, Format Version 10.00
# Visual Studio 2008
Project("{2150E333-8FDC-42A3-9474-1A3956D46DE8}") = "src", "src", "{4654E4CD-455E-4148-860E-A17C3F6FDBC6}"
EndProject
Project("{2150E333-8FDC-42A3-9474-1A3956D46DE8}") = "main", "main", "{3CFF4DDF-8010-42DC-B7A2-D1319BF3B028}"
EndProject
Project("{2150E333-8FDC-42A3-9474-1A3956D46DE8}") = "test", "test", "{39B3ABCF-CB2D-449A-B333-045271E79641}"
EndProject
Project("{FAE04EC0-301F-11D3-BF4B-00C04F79EFBC}") = "JDT.Calidus.Parsers", "src\main\JDT.Calidus.Parsers\JDT.Calidus.Parsers.csproj", "{CB5C7389-D612-4EBB-B5AD-8FA55FC75856}"
EndProject
Project("{FAE04EC0-301F-11D3-BF4B-00C04F79EFBC}") = "JDT.Calidus.ParsersTest", "src\test\unit\JDT.Calidus.ParsersTest\JDT.Calidus.ParsersTest.csproj", "{1B4EA3E8-CAD1-4A7C-B6B4-C25C465FDE01}"
EndProject
Project("{2150E333-8FDC-42A3-9474-1A3956D46DE8}") = "util", "util", "{9166C65F-2AD9-4432-89F8-489D52270E6A}"
EndProject
Project("{FAE04EC0-301F-11D3-BF4B-00C04F79EFBC}") = "JDT.Calidus.Util.TokenVisualiser", "src\util\JDT.Calidus.Util.TokenVisualiser\JDT.Calidus.Util.TokenVisualiser.csproj", "{704B23CB-C721-4188-8520-9588A051ADA6}"
EndProject
Project("{FAE04EC0-301F-11D3-BF4B-00C04F79EFBC}") = "JDT.Calidus.Tokens", "src\main\JDT.Calidus.Tokens\JDT.Calidus.Tokens.csproj", "{2C8F77AD-7DF4-4F05-B7F6-BED1DA0F50BA}"
EndProject
Project("{FAE04EC0-301F-11D3-BF4B-00C04F79EFBC}") = "JDT.Calidus.Parsers.Coco", "src\main\JDT.Calidus.Parsers.Coco\JDT.Calidus.Parsers.Coco.csproj", "{8D9004AA-01D2-4973-B5BC-43F40AAABFAD}"
EndProject
Project("{FAE04EC0-301F-11D3-BF4B-00C04F79EFBC}") = "JDT.Calidus.Parsers.CocoTest", "src\test\unit\JDT.Calidus.Parsers.CocoTest\JDT.Calidus.Parsers.CocoTest.csproj", "{09EDB141-E9B5-4370-9FB6-18ABB44DE414}"
EndProject
Project("{FAE04EC0-301F-11D3-BF4B-00C04F79EFBC}") = "JDT.Calidus.TokensTest", "src\test\unit\JDT.Calidus.TokensTest\JDT.Calidus.TokensTest.csproj", "{589EB356-D3C1-4A07-A781-5D6EDD729266}"
EndProject
Project("{FAE04EC0-301F-11D3-BF4B-00C04F79EFBC}") = "JDT.Calidus.Statements", "src\main\JDT.Calidus.Statements\JDT.Calidus.Statements.csproj", "{35751532-ECF6-4358-B071-EF16C0CF48D2}"
EndProject
Project("{FAE04EC0-301F-11D3-BF4B-00C04F79EFBC}") = "JDT.Calidus.StatementsTest", "src\test\unit\JDT.Calidus.StatementsTest\JDT.Calidus.StatementsTest.csproj", "{930945EB-657A-48B2-AC33-FBA8F3FD3DE8}"
EndProject
Project("{FAE04EC0-301F-11D3-BF4B-00C04F79EFBC}") = "JDT.Calidus.Common", "src\main\JDT.Calidus.Common\JDT.Calidus.Common.csproj", "{10FB15F4-F46E-4D03-9D4B-7F35E0C7B8F3}"
EndProject
Project("{FAE04EC0-301F-11D3-BF4B-00C04F79EFBC}") = "JDT.Calidus.Tests", "src\test\unit\JDT.Calidus.Tests\JDT.Calidus.Tests.csproj", "{8C956493-60B9-4099-9685-8BB8C451AAD3}"
EndProject
Project("{2150E333-8FDC-42A3-9474-1A3956D46DE8}") = "unit", "unit", "{BE3703A1-863C-4CD1-A7DB-42CC7D20EAFC}"
EndProject
Project("{2150E333-8FDC-42A3-9474-1A3956D46DE8}") = "integration", "integration", "{0414C82C-9EB4-4468-803C-65F22B5F081F}"
EndProject
Project("{FAE04EC0-301F-11D3-BF4B-00C04F79EFBC}") = "JDT.Calidus.Rules.Statements", "src\main\JDT.Calidus.Rules.Statements\JDT.Calidus.Rules.Statements.csproj", "{0552D015-5AD0-4E7B-B99A-7514109DAD2D}"
EndProject
Project("{FAE04EC0-301F-11D3-BF4B-00C04F79EFBC}") = "JDT.Calidus.Rules.StatementsTest", "src\test\unit\JDT.Calidus.Rules.StatementsTest\JDT.Calidus.Rules.StatementsTest.csproj", "{A911141B-D3D5-47CA-96EB-0E6237280F7F}"
EndProject
Project("{FAE04EC0-301F-11D3-BF4B-00C04F79EFBC}") = "JDT.Calidus.Providers", "src\main\JDT.Calidus.Providers\JDT.Calidus.Providers.csproj", "{2FE49636-3B5B-45E5-ADD9-457A956C6542}"
EndProject
Project("{FAE04EC0-301F-11D3-BF4B-00C04F79EFBC}") = "JDT.Calidus.ProvidersTest", "src\test\unit\JDT.Calidus.ProvidersTest\JDT.Calidus.ProvidersTest.csproj", "{DBEB50B8-CB64-46A7-B95E-B809161663CC}"
EndProject
Project("{FAE04EC0-301F-11D3-BF4B-00C04F79EFBC}") = "JDT.Calidus.CommonTest", "src\test\unit\JDT.Calidus.CommonTest\JDT.Calidus.CommonTest.csproj", "{BDACBA7E-5D23-4730-AE7F-B3B38FA44C54}"
EndProject
Project("{2150E333-8FDC-42A3-9474-1A3956D46DE8}") = "ui", "ui", "{9A337EE1-5B78-4F48-B60D-EA5275427BCF}"
EndProject
Project("{FAE04EC0-301F-11D3-BF4B-00C04F79EFBC}") = "JDT.Calidus.Projects", "src\main\JDT.Calidus.Projects\JDT.Calidus.Projects.csproj", "{82A229F6-50DD-4B51-95EB-3940B5C65454}"
EndProject
Project("{FAE04EC0-301F-11D3-BF4B-00C04F79EFBC}") = "JDT.Calidus.ProjectsTest", "src\test\unit\JDT.Calidus.ProjectsTest\JDT.Calidus.ProjectsTest.csproj", "{5437A943-1185-486C-98ED-24764CC63972}"
EndProject
Project("{FAE04EC0-301F-11D3-BF4B-00C04F79EFBC}") = "JDT.Calidus.Projects.Files.Validators", "src\main\JDT.Calidus.Projects.Files.Validators\JDT.Calidus.Projects.Files.Validators.csproj", "{85113C28-9075-4E54-A586-097E2465C27D}"
EndProject
Project("{FAE04EC0-301F-11D3-BF4B-00C04F79EFBC}") = "JDT.Calidus.Projects.Files.ValidatorsTest", "src\test\unit\JDT.Calidus.Projects.Files.ValidatorsTest\JDT.Calidus.Projects.Files.ValidatorsTest.csproj", "{35189967-77F3-47F3-A274-B40694918FCC}"
EndProject
Project("{FAE04EC0-301F-11D3-BF4B-00C04F79EFBC}") = "JDT.Calidus.Rules", "src\main\JDT.Calidus.Rules\JDT.Calidus.Rules.csproj", "{E5FCEF48-73FC-4316-AB4A-413F541A353D}"
EndProject
Project("{FAE04EC0-301F-11D3-BF4B-00C04F79EFBC}") = "JDT.Calidus.RulesTest", "src\test\unit\JDT.Calidus.RulesTest\JDT.Calidus.RulesTest.csproj", "{9C0A9C08-3889-470D-A2F4-277CA14A95A8}"
EndProject
Project("{FAE04EC0-301F-11D3-BF4B-00C04F79EFBC}") = "JDT.Calidus.GUI", "src\main\JDT.Calidus.GUI\JDT.Calidus.GUI.csproj", "{7554BE5A-F473-4C27-AFAC-95D5897F7AB4}"
EndProject
Project("{FAE04EC0-301F-11D3-BF4B-00C04F79EFBC}") = "JDT.Calidus.Blocks", "src\main\JDT.Calidus.Blocks\JDT.Calidus.Blocks.csproj", "{C773EB06-B309-4D36-B322-224DA915025F}"
EndProject
Project("{FAE04EC0-301F-11D3-BF4B-00C04F79EFBC}") = "JDT.Calidus.Blocks.Factories", "src\main\JDT.Calidus.Blocks.Factories\JDT.Calidus.Blocks.Factories.csproj", "{91F902C7-E38B-45F5-8887-63FE29B4C16D}"
EndProject
Project("{FAE04EC0-301F-11D3-BF4B-00C04F79EFBC}") = "JDT.Calidus.Blocks.FactoriesTest", "src\test\unit\JDT.Calidus.Blocks.FactoriesTest\JDT.Calidus.Blocks.FactoriesTest.csproj", "{9F36888A-554B-48F5-8CC0-F2831A1D8A3B}"
EndProject
Project("{FAE04EC0-301F-11D3-BF4B-00C04F79EFBC}") = "JDT.Calidus.Rules.Blocks", "src\main\JDT.Calidus.Rules.Blocks\JDT.Calidus.Rules.Blocks.csproj", "{77CE4AD4-34C7-4782-83BC-45D2A726EB74}"
EndProject
Project("{FAE04EC0-301F-11D3-BF4B-00C04F79EFBC}") = "JDT.Calidus.Rules.BlocksTest", "src\test\unit\JDT.Calidus.Rules.BlocksTest\JDT.Calidus.Rules.BlocksTest.csproj", "{99A681C8-FDB5-4C74-A9D4-BD907414C8F3}"
EndProject
Project("{FAE04EC0-301F-11D3-BF4B-00C04F79EFBC}") = "JDT.Calidus.Statements.Factories.Fluent", "src\main\JDT.Calidus.Statements.Factories.Fluent\JDT.Calidus.Statements.Factories.Fluent.csproj", "{639B0281-0B1B-4E8A-A610-E5E055B72DDA}"
EndProject
Project("{FAE04EC0-301F-11D3-BF4B-00C04F79EFBC}") = "JDT.Calidus.Statements.Factories", "src\main\JDT.Calidus.Statements.Factories\JDT.Calidus.Statements.Factories.csproj", "{315B5FB4-8442-4013-8E7F-6283EB5A885E}"
EndProject
Project("{FAE04EC0-301F-11D3-BF4B-00C04F79EFBC}") = "JDT.Calidus.Statements.Factories.FluentTest", "src\test\unit\JDT.Calidus.Statements.Factories.FluentTest\JDT.Calidus.Statements.Factories.FluentTest.csproj", "{0582D5E2-D6C0-49F2-89AF-F10BCD564D2D}"
EndProject
Project("{FAE04EC0-301F-11D3-BF4B-00C04F79EFBC}") = "JDT.Calidus.Statements.FactoriesTest", "src\test\unit\JDT.Calidus.Statements.FactoriesTest\JDT.Calidus.Statements.FactoriesTest.csproj", "{E5E51661-451F-4CCC-8B23-EDA0FC6C001B}"
EndProject
Project("{FAE04EC0-301F-11D3-BF4B-00C04F79EFBC}") = "JDT.Calidus.Lines.Factories", "src\main\JDT.Calidus.Lines.Factories\JDT.Calidus.Lines.Factories.csproj", "{CD370255-1D5D-4A39-834F-BED8868019D2}"
EndProject
Project("{FAE04EC0-301F-11D3-BF4B-00C04F79EFBC}") = "JDT.Calidus.Lines", "src\main\JDT.Calidus.Lines\JDT.Calidus.Lines.csproj", "{DC8047B1-2608-4806-A673-6045699260F9}"
EndProject
Project("{FAE04EC0-301F-11D3-BF4B-00C04F79EFBC}") = "JDT.Calidus.Rules.Lines", "src\main\JDT.Calidus.Rules.Lines\JDT.Calidus.Rules.Lines.csproj", "{65015497-C8D0-470D-8353-CCA30B5C1934}"
EndProject
Project("{FAE04EC0-301F-11D3-BF4B-00C04F79EFBC}") = "JDT.Calidus.Rules.LinesTest", "src\test\unit\JDT.Calidus.Rules.LinesTest\JDT.Calidus.Rules.LinesTest.csproj", "{A0D5872F-9B63-40EA-A657-275C8972AFC2}"
EndProject
Project("{FAE04EC0-301F-11D3-BF4B-00C04F79EFBC}") = "JDT.Calidus.UI", "src\main\JDT.Calidus.UI\JDT.Calidus.UI.csproj", "{7A920350-F908-44B0-89EA-182492C43E25}"
EndProject
Project("{FAE04EC0-301F-11D3-BF4B-00C04F79EFBC}") = "JDT.Calidus.UITest", "src\test\unit\JDT.Calidus.UITest\JDT.Calidus.UITest.csproj", "{01596A64-CFFF-45D9-92B1-E71191FAD84B}"
EndProject
Global
	GlobalSection(SolutionConfigurationPlatforms) = preSolution
		Debug|Any CPU = Debug|Any CPU
		Release|Any CPU = Release|Any CPU
	EndGlobalSection
	GlobalSection(ProjectConfigurationPlatforms) = postSolution
		{CB5C7389-D612-4EBB-B5AD-8FA55FC75856}.Debug|Any CPU.ActiveCfg = Debug|Any CPU
		{CB5C7389-D612-4EBB-B5AD-8FA55FC75856}.Debug|Any CPU.Build.0 = Debug|Any CPU
		{CB5C7389-D612-4EBB-B5AD-8FA55FC75856}.Release|Any CPU.ActiveCfg = Release|Any CPU
		{CB5C7389-D612-4EBB-B5AD-8FA55FC75856}.Release|Any CPU.Build.0 = Release|Any CPU
		{1B4EA3E8-CAD1-4A7C-B6B4-C25C465FDE01}.Debug|Any CPU.ActiveCfg = Debug|Any CPU
		{1B4EA3E8-CAD1-4A7C-B6B4-C25C465FDE01}.Debug|Any CPU.Build.0 = Debug|Any CPU
		{1B4EA3E8-CAD1-4A7C-B6B4-C25C465FDE01}.Release|Any CPU.ActiveCfg = Release|Any CPU
		{1B4EA3E8-CAD1-4A7C-B6B4-C25C465FDE01}.Release|Any CPU.Build.0 = Release|Any CPU
		{704B23CB-C721-4188-8520-9588A051ADA6}.Debug|Any CPU.ActiveCfg = Debug|Any CPU
		{704B23CB-C721-4188-8520-9588A051ADA6}.Debug|Any CPU.Build.0 = Debug|Any CPU
		{704B23CB-C721-4188-8520-9588A051ADA6}.Release|Any CPU.ActiveCfg = Release|Any CPU
		{704B23CB-C721-4188-8520-9588A051ADA6}.Release|Any CPU.Build.0 = Release|Any CPU
		{2C8F77AD-7DF4-4F05-B7F6-BED1DA0F50BA}.Debug|Any CPU.ActiveCfg = Debug|Any CPU
		{2C8F77AD-7DF4-4F05-B7F6-BED1DA0F50BA}.Debug|Any CPU.Build.0 = Debug|Any CPU
		{2C8F77AD-7DF4-4F05-B7F6-BED1DA0F50BA}.Release|Any CPU.ActiveCfg = Release|Any CPU
		{2C8F77AD-7DF4-4F05-B7F6-BED1DA0F50BA}.Release|Any CPU.Build.0 = Release|Any CPU
		{8D9004AA-01D2-4973-B5BC-43F40AAABFAD}.Debug|Any CPU.ActiveCfg = Debug|Any CPU
		{8D9004AA-01D2-4973-B5BC-43F40AAABFAD}.Debug|Any CPU.Build.0 = Debug|Any CPU
		{8D9004AA-01D2-4973-B5BC-43F40AAABFAD}.Release|Any CPU.ActiveCfg = Release|Any CPU
		{8D9004AA-01D2-4973-B5BC-43F40AAABFAD}.Release|Any CPU.Build.0 = Release|Any CPU
		{09EDB141-E9B5-4370-9FB6-18ABB44DE414}.Debug|Any CPU.ActiveCfg = Debug|Any CPU
		{09EDB141-E9B5-4370-9FB6-18ABB44DE414}.Debug|Any CPU.Build.0 = Debug|Any CPU
		{09EDB141-E9B5-4370-9FB6-18ABB44DE414}.Release|Any CPU.ActiveCfg = Release|Any CPU
		{09EDB141-E9B5-4370-9FB6-18ABB44DE414}.Release|Any CPU.Build.0 = Release|Any CPU
		{589EB356-D3C1-4A07-A781-5D6EDD729266}.Debug|Any CPU.ActiveCfg = Debug|Any CPU
		{589EB356-D3C1-4A07-A781-5D6EDD729266}.Debug|Any CPU.Build.0 = Debug|Any CPU
		{589EB356-D3C1-4A07-A781-5D6EDD729266}.Release|Any CPU.ActiveCfg = Release|Any CPU
		{589EB356-D3C1-4A07-A781-5D6EDD729266}.Release|Any CPU.Build.0 = Release|Any CPU
		{35751532-ECF6-4358-B071-EF16C0CF48D2}.Debug|Any CPU.ActiveCfg = Debug|Any CPU
		{35751532-ECF6-4358-B071-EF16C0CF48D2}.Debug|Any CPU.Build.0 = Debug|Any CPU
		{35751532-ECF6-4358-B071-EF16C0CF48D2}.Release|Any CPU.ActiveCfg = Release|Any CPU
		{35751532-ECF6-4358-B071-EF16C0CF48D2}.Release|Any CPU.Build.0 = Release|Any CPU
		{930945EB-657A-48B2-AC33-FBA8F3FD3DE8}.Debug|Any CPU.ActiveCfg = Debug|Any CPU
		{930945EB-657A-48B2-AC33-FBA8F3FD3DE8}.Debug|Any CPU.Build.0 = Debug|Any CPU
		{930945EB-657A-48B2-AC33-FBA8F3FD3DE8}.Release|Any CPU.ActiveCfg = Release|Any CPU
		{930945EB-657A-48B2-AC33-FBA8F3FD3DE8}.Release|Any CPU.Build.0 = Release|Any CPU
		{10FB15F4-F46E-4D03-9D4B-7F35E0C7B8F3}.Debug|Any CPU.ActiveCfg = Debug|Any CPU
		{10FB15F4-F46E-4D03-9D4B-7F35E0C7B8F3}.Debug|Any CPU.Build.0 = Debug|Any CPU
		{10FB15F4-F46E-4D03-9D4B-7F35E0C7B8F3}.Release|Any CPU.ActiveCfg = Release|Any CPU
		{10FB15F4-F46E-4D03-9D4B-7F35E0C7B8F3}.Release|Any CPU.Build.0 = Release|Any CPU
		{8C956493-60B9-4099-9685-8BB8C451AAD3}.Debug|Any CPU.ActiveCfg = Debug|Any CPU
		{8C956493-60B9-4099-9685-8BB8C451AAD3}.Debug|Any CPU.Build.0 = Debug|Any CPU
		{8C956493-60B9-4099-9685-8BB8C451AAD3}.Release|Any CPU.ActiveCfg = Release|Any CPU
		{8C956493-60B9-4099-9685-8BB8C451AAD3}.Release|Any CPU.Build.0 = Release|Any CPU
		{0552D015-5AD0-4E7B-B99A-7514109DAD2D}.Debug|Any CPU.ActiveCfg = Debug|Any CPU
		{0552D015-5AD0-4E7B-B99A-7514109DAD2D}.Debug|Any CPU.Build.0 = Debug|Any CPU
		{0552D015-5AD0-4E7B-B99A-7514109DAD2D}.Release|Any CPU.ActiveCfg = Release|Any CPU
		{0552D015-5AD0-4E7B-B99A-7514109DAD2D}.Release|Any CPU.Build.0 = Release|Any CPU
		{A911141B-D3D5-47CA-96EB-0E6237280F7F}.Debug|Any CPU.ActiveCfg = Debug|Any CPU
		{A911141B-D3D5-47CA-96EB-0E6237280F7F}.Debug|Any CPU.Build.0 = Debug|Any CPU
		{A911141B-D3D5-47CA-96EB-0E6237280F7F}.Release|Any CPU.ActiveCfg = Release|Any CPU
		{A911141B-D3D5-47CA-96EB-0E6237280F7F}.Release|Any CPU.Build.0 = Release|Any CPU
		{2FE49636-3B5B-45E5-ADD9-457A956C6542}.Debug|Any CPU.ActiveCfg = Debug|Any CPU
		{2FE49636-3B5B-45E5-ADD9-457A956C6542}.Debug|Any CPU.Build.0 = Debug|Any CPU
		{2FE49636-3B5B-45E5-ADD9-457A956C6542}.Release|Any CPU.ActiveCfg = Release|Any CPU
		{2FE49636-3B5B-45E5-ADD9-457A956C6542}.Release|Any CPU.Build.0 = Release|Any CPU
		{DBEB50B8-CB64-46A7-B95E-B809161663CC}.Debug|Any CPU.ActiveCfg = Debug|Any CPU
		{DBEB50B8-CB64-46A7-B95E-B809161663CC}.Debug|Any CPU.Build.0 = Debug|Any CPU
		{DBEB50B8-CB64-46A7-B95E-B809161663CC}.Release|Any CPU.ActiveCfg = Release|Any CPU
		{DBEB50B8-CB64-46A7-B95E-B809161663CC}.Release|Any CPU.Build.0 = Release|Any CPU
		{BDACBA7E-5D23-4730-AE7F-B3B38FA44C54}.Debug|Any CPU.ActiveCfg = Debug|Any CPU
		{BDACBA7E-5D23-4730-AE7F-B3B38FA44C54}.Debug|Any CPU.Build.0 = Debug|Any CPU
		{BDACBA7E-5D23-4730-AE7F-B3B38FA44C54}.Release|Any CPU.ActiveCfg = Release|Any CPU
		{BDACBA7E-5D23-4730-AE7F-B3B38FA44C54}.Release|Any CPU.Build.0 = Release|Any CPU
		{82A229F6-50DD-4B51-95EB-3940B5C65454}.Debug|Any CPU.ActiveCfg = Debug|Any CPU
		{82A229F6-50DD-4B51-95EB-3940B5C65454}.Debug|Any CPU.Build.0 = Debug|Any CPU
		{82A229F6-50DD-4B51-95EB-3940B5C65454}.Release|Any CPU.ActiveCfg = Release|Any CPU
		{82A229F6-50DD-4B51-95EB-3940B5C65454}.Release|Any CPU.Build.0 = Release|Any CPU
		{5437A943-1185-486C-98ED-24764CC63972}.Debug|Any CPU.ActiveCfg = Debug|Any CPU
		{5437A943-1185-486C-98ED-24764CC63972}.Debug|Any CPU.Build.0 = Debug|Any CPU
		{5437A943-1185-486C-98ED-24764CC63972}.Release|Any CPU.ActiveCfg = Release|Any CPU
		{5437A943-1185-486C-98ED-24764CC63972}.Release|Any CPU.Build.0 = Release|Any CPU
		{85113C28-9075-4E54-A586-097E2465C27D}.Debug|Any CPU.ActiveCfg = Debug|Any CPU
		{85113C28-9075-4E54-A586-097E2465C27D}.Debug|Any CPU.Build.0 = Debug|Any CPU
		{85113C28-9075-4E54-A586-097E2465C27D}.Release|Any CPU.ActiveCfg = Release|Any CPU
		{85113C28-9075-4E54-A586-097E2465C27D}.Release|Any CPU.Build.0 = Release|Any CPU
		{35189967-77F3-47F3-A274-B40694918FCC}.Debug|Any CPU.ActiveCfg = Debug|Any CPU
		{35189967-77F3-47F3-A274-B40694918FCC}.Debug|Any CPU.Build.0 = Debug|Any CPU
		{35189967-77F3-47F3-A274-B40694918FCC}.Release|Any CPU.ActiveCfg = Release|Any CPU
		{35189967-77F3-47F3-A274-B40694918FCC}.Release|Any CPU.Build.0 = Release|Any CPU
		{E5FCEF48-73FC-4316-AB4A-413F541A353D}.Debug|Any CPU.ActiveCfg = Debug|Any CPU
		{E5FCEF48-73FC-4316-AB4A-413F541A353D}.Debug|Any CPU.Build.0 = Debug|Any CPU
		{E5FCEF48-73FC-4316-AB4A-413F541A353D}.Release|Any CPU.ActiveCfg = Release|Any CPU
		{E5FCEF48-73FC-4316-AB4A-413F541A353D}.Release|Any CPU.Build.0 = Release|Any CPU
		{9C0A9C08-3889-470D-A2F4-277CA14A95A8}.Debug|Any CPU.ActiveCfg = Debug|Any CPU
		{9C0A9C08-3889-470D-A2F4-277CA14A95A8}.Debug|Any CPU.Build.0 = Debug|Any CPU
		{9C0A9C08-3889-470D-A2F4-277CA14A95A8}.Release|Any CPU.ActiveCfg = Release|Any CPU
		{9C0A9C08-3889-470D-A2F4-277CA14A95A8}.Release|Any CPU.Build.0 = Release|Any CPU
		{7554BE5A-F473-4C27-AFAC-95D5897F7AB4}.Debug|Any CPU.ActiveCfg = Debug|Any CPU
		{7554BE5A-F473-4C27-AFAC-95D5897F7AB4}.Debug|Any CPU.Build.0 = Debug|Any CPU
		{7554BE5A-F473-4C27-AFAC-95D5897F7AB4}.Release|Any CPU.ActiveCfg = Release|Any CPU
		{7554BE5A-F473-4C27-AFAC-95D5897F7AB4}.Release|Any CPU.Build.0 = Release|Any CPU
		{C773EB06-B309-4D36-B322-224DA915025F}.Debug|Any CPU.ActiveCfg = Debug|Any CPU
		{C773EB06-B309-4D36-B322-224DA915025F}.Debug|Any CPU.Build.0 = Debug|Any CPU
		{C773EB06-B309-4D36-B322-224DA915025F}.Release|Any CPU.ActiveCfg = Release|Any CPU
		{C773EB06-B309-4D36-B322-224DA915025F}.Release|Any CPU.Build.0 = Release|Any CPU
		{91F902C7-E38B-45F5-8887-63FE29B4C16D}.Debug|Any CPU.ActiveCfg = Debug|Any CPU
		{91F902C7-E38B-45F5-8887-63FE29B4C16D}.Debug|Any CPU.Build.0 = Debug|Any CPU
		{91F902C7-E38B-45F5-8887-63FE29B4C16D}.Release|Any CPU.ActiveCfg = Release|Any CPU
		{91F902C7-E38B-45F5-8887-63FE29B4C16D}.Release|Any CPU.Build.0 = Release|Any CPU
		{9F36888A-554B-48F5-8CC0-F2831A1D8A3B}.Debug|Any CPU.ActiveCfg = Debug|Any CPU
		{9F36888A-554B-48F5-8CC0-F2831A1D8A3B}.Debug|Any CPU.Build.0 = Debug|Any CPU
		{9F36888A-554B-48F5-8CC0-F2831A1D8A3B}.Release|Any CPU.ActiveCfg = Release|Any CPU
		{9F36888A-554B-48F5-8CC0-F2831A1D8A3B}.Release|Any CPU.Build.0 = Release|Any CPU
		{77CE4AD4-34C7-4782-83BC-45D2A726EB74}.Debug|Any CPU.ActiveCfg = Debug|Any CPU
		{77CE4AD4-34C7-4782-83BC-45D2A726EB74}.Debug|Any CPU.Build.0 = Debug|Any CPU
		{77CE4AD4-34C7-4782-83BC-45D2A726EB74}.Release|Any CPU.ActiveCfg = Release|Any CPU
		{77CE4AD4-34C7-4782-83BC-45D2A726EB74}.Release|Any CPU.Build.0 = Release|Any CPU
		{99A681C8-FDB5-4C74-A9D4-BD907414C8F3}.Debug|Any CPU.ActiveCfg = Debug|Any CPU
		{99A681C8-FDB5-4C74-A9D4-BD907414C8F3}.Debug|Any CPU.Build.0 = Debug|Any CPU
		{99A681C8-FDB5-4C74-A9D4-BD907414C8F3}.Release|Any CPU.ActiveCfg = Release|Any CPU
		{99A681C8-FDB5-4C74-A9D4-BD907414C8F3}.Release|Any CPU.Build.0 = Release|Any CPU
		{639B0281-0B1B-4E8A-A610-E5E055B72DDA}.Debug|Any CPU.ActiveCfg = Debug|Any CPU
		{639B0281-0B1B-4E8A-A610-E5E055B72DDA}.Debug|Any CPU.Build.0 = Debug|Any CPU
		{639B0281-0B1B-4E8A-A610-E5E055B72DDA}.Release|Any CPU.ActiveCfg = Release|Any CPU
		{639B0281-0B1B-4E8A-A610-E5E055B72DDA}.Release|Any CPU.Build.0 = Release|Any CPU
		{315B5FB4-8442-4013-8E7F-6283EB5A885E}.Debug|Any CPU.ActiveCfg = Debug|Any CPU
		{315B5FB4-8442-4013-8E7F-6283EB5A885E}.Debug|Any CPU.Build.0 = Debug|Any CPU
		{315B5FB4-8442-4013-8E7F-6283EB5A885E}.Release|Any CPU.ActiveCfg = Release|Any CPU
		{315B5FB4-8442-4013-8E7F-6283EB5A885E}.Release|Any CPU.Build.0 = Release|Any CPU
		{0582D5E2-D6C0-49F2-89AF-F10BCD564D2D}.Debug|Any CPU.ActiveCfg = Debug|Any CPU
		{0582D5E2-D6C0-49F2-89AF-F10BCD564D2D}.Debug|Any CPU.Build.0 = Debug|Any CPU
		{0582D5E2-D6C0-49F2-89AF-F10BCD564D2D}.Release|Any CPU.ActiveCfg = Release|Any CPU
		{0582D5E2-D6C0-49F2-89AF-F10BCD564D2D}.Release|Any CPU.Build.0 = Release|Any CPU
		{E5E51661-451F-4CCC-8B23-EDA0FC6C001B}.Debug|Any CPU.ActiveCfg = Debug|Any CPU
		{E5E51661-451F-4CCC-8B23-EDA0FC6C001B}.Debug|Any CPU.Build.0 = Debug|Any CPU
		{E5E51661-451F-4CCC-8B23-EDA0FC6C001B}.Release|Any CPU.ActiveCfg = Release|Any CPU
		{E5E51661-451F-4CCC-8B23-EDA0FC6C001B}.Release|Any CPU.Build.0 = Release|Any CPU
		{CD370255-1D5D-4A39-834F-BED8868019D2}.Debug|Any CPU.ActiveCfg = Debug|Any CPU
		{CD370255-1D5D-4A39-834F-BED8868019D2}.Debug|Any CPU.Build.0 = Debug|Any CPU
		{CD370255-1D5D-4A39-834F-BED8868019D2}.Release|Any CPU.ActiveCfg = Release|Any CPU
		{CD370255-1D5D-4A39-834F-BED8868019D2}.Release|Any CPU.Build.0 = Release|Any CPU
		{DC8047B1-2608-4806-A673-6045699260F9}.Debug|Any CPU.ActiveCfg = Debug|Any CPU
		{DC8047B1-2608-4806-A673-6045699260F9}.Debug|Any CPU.Build.0 = Debug|Any CPU
		{DC8047B1-2608-4806-A673-6045699260F9}.Release|Any CPU.ActiveCfg = Release|Any CPU
		{DC8047B1-2608-4806-A673-6045699260F9}.Release|Any CPU.Build.0 = Release|Any CPU
		{65015497-C8D0-470D-8353-CCA30B5C1934}.Debug|Any CPU.ActiveCfg = Debug|Any CPU
		{65015497-C8D0-470D-8353-CCA30B5C1934}.Debug|Any CPU.Build.0 = Debug|Any CPU
		{65015497-C8D0-470D-8353-CCA30B5C1934}.Release|Any CPU.ActiveCfg = Release|Any CPU
		{65015497-C8D0-470D-8353-CCA30B5C1934}.Release|Any CPU.Build.0 = Release|Any CPU
		{A0D5872F-9B63-40EA-A657-275C8972AFC2}.Debug|Any CPU.ActiveCfg = Debug|Any CPU
		{A0D5872F-9B63-40EA-A657-275C8972AFC2}.Debug|Any CPU.Build.0 = Debug|Any CPU
		{A0D5872F-9B63-40EA-A657-275C8972AFC2}.Release|Any CPU.ActiveCfg = Release|Any CPU
		{A0D5872F-9B63-40EA-A657-275C8972AFC2}.Release|Any CPU.Build.0 = Release|Any CPU
		{7A920350-F908-44B0-89EA-182492C43E25}.Debug|Any CPU.ActiveCfg = Debug|Any CPU
		{7A920350-F908-44B0-89EA-182492C43E25}.Debug|Any CPU.Build.0 = Debug|Any CPU
		{7A920350-F908-44B0-89EA-182492C43E25}.Release|Any CPU.ActiveCfg = Release|Any CPU
		{7A920350-F908-44B0-89EA-182492C43E25}.Release|Any CPU.Build.0 = Release|Any CPU
		{01596A64-CFFF-45D9-92B1-E71191FAD84B}.Debug|Any CPU.ActiveCfg = Debug|Any CPU
		{01596A64-CFFF-45D9-92B1-E71191FAD84B}.Debug|Any CPU.Build.0 = Debug|Any CPU
		{01596A64-CFFF-45D9-92B1-E71191FAD84B}.Release|Any CPU.ActiveCfg = Release|Any CPU
		{01596A64-CFFF-45D9-92B1-E71191FAD84B}.Release|Any CPU.Build.0 = Release|Any CPU
	EndGlobalSection
	GlobalSection(SolutionProperties) = preSolution
		HideSolutionNode = FALSE
	EndGlobalSection
	GlobalSection(NestedProjects) = preSolution
		{3CFF4DDF-8010-42DC-B7A2-D1319BF3B028} = {4654E4CD-455E-4148-860E-A17C3F6FDBC6}
		{39B3ABCF-CB2D-449A-B333-045271E79641} = {4654E4CD-455E-4148-860E-A17C3F6FDBC6}
		{9166C65F-2AD9-4432-89F8-489D52270E6A} = {4654E4CD-455E-4148-860E-A17C3F6FDBC6}
		{9A337EE1-5B78-4F48-B60D-EA5275427BCF} = {4654E4CD-455E-4148-860E-A17C3F6FDBC6}
		{CB5C7389-D612-4EBB-B5AD-8FA55FC75856} = {3CFF4DDF-8010-42DC-B7A2-D1319BF3B028}
		{2C8F77AD-7DF4-4F05-B7F6-BED1DA0F50BA} = {3CFF4DDF-8010-42DC-B7A2-D1319BF3B028}
		{8D9004AA-01D2-4973-B5BC-43F40AAABFAD} = {3CFF4DDF-8010-42DC-B7A2-D1319BF3B028}
		{35751532-ECF6-4358-B071-EF16C0CF48D2} = {3CFF4DDF-8010-42DC-B7A2-D1319BF3B028}
		{10FB15F4-F46E-4D03-9D4B-7F35E0C7B8F3} = {3CFF4DDF-8010-42DC-B7A2-D1319BF3B028}
		{0552D015-5AD0-4E7B-B99A-7514109DAD2D} = {3CFF4DDF-8010-42DC-B7A2-D1319BF3B028}
		{2FE49636-3B5B-45E5-ADD9-457A956C6542} = {3CFF4DDF-8010-42DC-B7A2-D1319BF3B028}
		{82A229F6-50DD-4B51-95EB-3940B5C65454} = {3CFF4DDF-8010-42DC-B7A2-D1319BF3B028}
		{85113C28-9075-4E54-A586-097E2465C27D} = {3CFF4DDF-8010-42DC-B7A2-D1319BF3B028}
		{E5FCEF48-73FC-4316-AB4A-413F541A353D} = {3CFF4DDF-8010-42DC-B7A2-D1319BF3B028}
		{C773EB06-B309-4D36-B322-224DA915025F} = {3CFF4DDF-8010-42DC-B7A2-D1319BF3B028}
		{91F902C7-E38B-45F5-8887-63FE29B4C16D} = {3CFF4DDF-8010-42DC-B7A2-D1319BF3B028}
		{77CE4AD4-34C7-4782-83BC-45D2A726EB74} = {3CFF4DDF-8010-42DC-B7A2-D1319BF3B028}
		{639B0281-0B1B-4E8A-A610-E5E055B72DDA} = {3CFF4DDF-8010-42DC-B7A2-D1319BF3B028}
		{315B5FB4-8442-4013-8E7F-6283EB5A885E} = {3CFF4DDF-8010-42DC-B7A2-D1319BF3B028}
		{CD370255-1D5D-4A39-834F-BED8868019D2} = {3CFF4DDF-8010-42DC-B7A2-D1319BF3B028}
		{DC8047B1-2608-4806-A673-6045699260F9} = {3CFF4DDF-8010-42DC-B7A2-D1319BF3B028}
		{65015497-C8D0-470D-8353-CCA30B5C1934} = {3CFF4DDF-8010-42DC-B7A2-D1319BF3B028}
		{BE3703A1-863C-4CD1-A7DB-42CC7D20EAFC} = {39B3ABCF-CB2D-449A-B333-045271E79641}
		{0414C82C-9EB4-4468-803C-65F22B5F081F} = {39B3ABCF-CB2D-449A-B333-045271E79641}
		{09EDB141-E9B5-4370-9FB6-18ABB44DE414} = {BE3703A1-863C-4CD1-A7DB-42CC7D20EAFC}
		{589EB356-D3C1-4A07-A781-5D6EDD729266} = {BE3703A1-863C-4CD1-A7DB-42CC7D20EAFC}
		{930945EB-657A-48B2-AC33-FBA8F3FD3DE8} = {BE3703A1-863C-4CD1-A7DB-42CC7D20EAFC}
		{8C956493-60B9-4099-9685-8BB8C451AAD3} = {BE3703A1-863C-4CD1-A7DB-42CC7D20EAFC}
		{1B4EA3E8-CAD1-4A7C-B6B4-C25C465FDE01} = {BE3703A1-863C-4CD1-A7DB-42CC7D20EAFC}
		{A911141B-D3D5-47CA-96EB-0E6237280F7F} = {BE3703A1-863C-4CD1-A7DB-42CC7D20EAFC}
		{DBEB50B8-CB64-46A7-B95E-B809161663CC} = {BE3703A1-863C-4CD1-A7DB-42CC7D20EAFC}
		{BDACBA7E-5D23-4730-AE7F-B3B38FA44C54} = {BE3703A1-863C-4CD1-A7DB-42CC7D20EAFC}
		{5437A943-1185-486C-98ED-24764CC63972} = {BE3703A1-863C-4CD1-A7DB-42CC7D20EAFC}
		{35189967-77F3-47F3-A274-B40694918FCC} = {BE3703A1-863C-4CD1-A7DB-42CC7D20EAFC}
		{9C0A9C08-3889-470D-A2F4-277CA14A95A8} = {BE3703A1-863C-4CD1-A7DB-42CC7D20EAFC}
		{9F36888A-554B-48F5-8CC0-F2831A1D8A3B} = {BE3703A1-863C-4CD1-A7DB-42CC7D20EAFC}
		{99A681C8-FDB5-4C74-A9D4-BD907414C8F3} = {BE3703A1-863C-4CD1-A7DB-42CC7D20EAFC}
		{0582D5E2-D6C0-49F2-89AF-F10BCD564D2D} = {BE3703A1-863C-4CD1-A7DB-42CC7D20EAFC}
		{E5E51661-451F-4CCC-8B23-EDA0FC6C001B} = {BE3703A1-863C-4CD1-A7DB-42CC7D20EAFC}
		{A0D5872F-9B63-40EA-A657-275C8972AFC2} = {BE3703A1-863C-4CD1-A7DB-42CC7D20EAFC}
		{01596A64-CFFF-45D9-92B1-E71191FAD84B} = {BE3703A1-863C-4CD1-A7DB-42CC7D20EAFC}
		{704B23CB-C721-4188-8520-9588A051ADA6} = {9166C65F-2AD9-4432-89F8-489D52270E6A}
		{7554BE5A-F473-4C27-AFAC-95D5897F7AB4} = {9A337EE1-5B78-4F48-B60D-EA5275427BCF}
		{7A920350-F908-44B0-89EA-182492C43E25} = {9A337EE1-5B78-4F48-B60D-EA5275427BCF}
	EndGlobalSection
EndGlobal
